
Microsoft Visual Studio Solution File, Format Version 12.00
# Visual Studio 2012
Project("{8BC9CEB8-8B4A-11D0-8D11-00A0C91BC942}") = "TString", "TString\TString.vcxproj", "{5492513C-115F-497E-B436-30FA57A17D65}"
EndProject
Global
	GlobalSection(SolutionConfigurationPlatforms) = preSolution
		Debug|Win32 = Debug|Win32
		Release|Win32 = Release|Win32
	EndGlobalSection
	GlobalSection(ProjectConfigurationPlatforms) = postSolution
		{5492513C-115F-497E-B436-30FA57A17D65}.Debug|Win32.ActiveCfg = Debug|Win32
		{5492513C-115F-497E-B436-30FA57A17D65}.Debug|Win32.Build.0 = Debug|Win32
		{5492513C-115F-497E-B436-30FA57A17D65}.Release|Win32.ActiveCfg = Release|Win32
		{5492513C-115F-497E-B436-30FA57A17D65}.Release|Win32.Build.0 = Release|Win32
	EndGlobalSection
	GlobalSection(SolutionProperties) = preSolution
		HideSolutionNode = FALSE
	EndGlobalSection
	GlobalSection(Performance) = preSolution
		HasPerformanceSessions = true
	EndGlobalSection
EndGlobal
